
Microsoft Visual Studio Solution File, Format Version 12.00
# Visual Studio Version 16
VisualStudioVersion = 16.0.29424.173
MinimumVisualStudioVersion = 10.0.40219.1
Project("{8BC9CEB8-8B4A-11D0-8D11-00A0C91BC942}") = "judge", "judge\judge.vcxproj", "{384DA191-7C81-4CD2-B1F9-03ADD6C1720A}"
EndProject
Global
	GlobalSection(SolutionConfigurationPlatforms) = preSolution
		Debug|x64 = Debug|x64
		Debug|x86 = Debug|x86
		Release|x64 = Release|x64
		Release|x86 = Release|x86
	EndGlobalSection
	GlobalSection(ProjectConfigurationPlatforms) = postSolution
		{384DA191-7C81-4CD2-B1F9-03ADD6C1720A}.Debug|x64.ActiveCfg = Debug|x64
		{384DA191-7C81-4CD2-B1F9-03ADD6C1720A}.Debug|x64.Build.0 = Debug|x64
		{384DA191-7C81-4CD2-B1F9-03ADD6C1720A}.Debug|x86.ActiveCfg = Debug|Win32
		{384DA191-7C81-4CD2-B1F9-03ADD6C1720A}.Debug|x86.Build.0 = Debug|Win32
		{384DA191-7C81-4CD2-B1F9-03ADD6C1720A}.Release|x64.ActiveCfg = Release|x64
		{384DA191-7C81-4CD2-B1F9-03ADD6C1720A}.Release|x64.Build.0 = Release|x64
		{384DA191-7C81-4CD2-B1F9-03ADD6C1720A}.Release|x86.ActiveCfg = Release|Win32
		{384DA191-7C81-4CD2-B1F9-03ADD6C1720A}.Release|x86.Build.0 = Release|Win32
	EndGlobalSection
	GlobalSection(SolutionProperties) = preSolution
		HideSolutionNode = FALSE
	EndGlobalSection
	GlobalSection(ExtensibilityGlobals) = postSolution
		SolutionGuid = {4BCE7D56-BA0C-43E8-B7E9-9FE3FAB10A8F}
	EndGlobalSection
EndGlobal
