
Microsoft Visual Studio Solution File, Format Version 12.00
# Visual Studio Version 16
VisualStudioVersion = 16.0.29424.173
MinimumVisualStudioVersion = 10.0.40219.1
Project("{8BC9CEB8-8B4A-11D0-8D11-00A0C91BC942}") = "d10-p1", "d10-p1\d10-p1.vcxproj", "{3E5001CE-FAB7-4322-9322-8F5B3E471ED7}"
EndProject
Global
	GlobalSection(SolutionConfigurationPlatforms) = preSolution
		Debug|x64 = Debug|x64
		Debug|x86 = Debug|x86
		Release|x64 = Release|x64
		Release|x86 = Release|x86
	EndGlobalSection
	GlobalSection(ProjectConfigurationPlatforms) = postSolution
		{3E5001CE-FAB7-4322-9322-8F5B3E471ED7}.Debug|x64.ActiveCfg = Debug|x64
		{3E5001CE-FAB7-4322-9322-8F5B3E471ED7}.Debug|x64.Build.0 = Debug|x64
		{3E5001CE-FAB7-4322-9322-8F5B3E471ED7}.Debug|x86.ActiveCfg = Debug|Win32
		{3E5001CE-FAB7-4322-9322-8F5B3E471ED7}.Debug|x86.Build.0 = Debug|Win32
		{3E5001CE-FAB7-4322-9322-8F5B3E471ED7}.Release|x64.ActiveCfg = Release|x64
		{3E5001CE-FAB7-4322-9322-8F5B3E471ED7}.Release|x64.Build.0 = Release|x64
		{3E5001CE-FAB7-4322-9322-8F5B3E471ED7}.Release|x86.ActiveCfg = Release|Win32
		{3E5001CE-FAB7-4322-9322-8F5B3E471ED7}.Release|x86.Build.0 = Release|Win32
	EndGlobalSection
	GlobalSection(SolutionProperties) = preSolution
		HideSolutionNode = FALSE
	EndGlobalSection
	GlobalSection(ExtensibilityGlobals) = postSolution
		SolutionGuid = {4A2023EA-331C-452D-A809-CCAEE82F09A7}
	EndGlobalSection
EndGlobal
