
Microsoft Visual Studio Solution File, Format Version 12.00
# Visual Studio Version 16
VisualStudioVersion = 16.0.29424.173
MinimumVisualStudioVersion = 10.0.40219.1
Project("{8BC9CEB8-8B4A-11D0-8D11-00A0C91BC942}") = "smartptr", "smartptr\smartptr.vcxproj", "{FE5D42CF-6951-4509-A99C-17D6F4FA736F}"
EndProject
Global
	GlobalSection(SolutionConfigurationPlatforms) = preSolution
		Debug|x64 = Debug|x64
		Debug|x86 = Debug|x86
		Release|x64 = Release|x64
		Release|x86 = Release|x86
	EndGlobalSection
	GlobalSection(ProjectConfigurationPlatforms) = postSolution
		{FE5D42CF-6951-4509-A99C-17D6F4FA736F}.Debug|x64.ActiveCfg = Debug|x64
		{FE5D42CF-6951-4509-A99C-17D6F4FA736F}.Debug|x64.Build.0 = Debug|x64
		{FE5D42CF-6951-4509-A99C-17D6F4FA736F}.Debug|x86.ActiveCfg = Debug|Win32
		{FE5D42CF-6951-4509-A99C-17D6F4FA736F}.Debug|x86.Build.0 = Debug|Win32
		{FE5D42CF-6951-4509-A99C-17D6F4FA736F}.Release|x64.ActiveCfg = Release|x64
		{FE5D42CF-6951-4509-A99C-17D6F4FA736F}.Release|x64.Build.0 = Release|x64
		{FE5D42CF-6951-4509-A99C-17D6F4FA736F}.Release|x86.ActiveCfg = Release|Win32
		{FE5D42CF-6951-4509-A99C-17D6F4FA736F}.Release|x86.Build.0 = Release|Win32
	EndGlobalSection
	GlobalSection(SolutionProperties) = preSolution
		HideSolutionNode = FALSE
	EndGlobalSection
	GlobalSection(ExtensibilityGlobals) = postSolution
		SolutionGuid = {97063CD9-9CF6-469A-B5CE-04DA69BDC6DE}
	EndGlobalSection
EndGlobal
