
Microsoft Visual Studio Solution File, Format Version 12.00
# Visual Studio Version 16
VisualStudioVersion = 16.0.29424.173
MinimumVisualStudioVersion = 10.0.40219.1
Project("{8BC9CEB8-8B4A-11D0-8D11-00A0C91BC942}") = "d10-p2", "d10-p2\d10-p2.vcxproj", "{54BA7FA5-D5A5-4559-89ED-865C58EDDA50}"
EndProject
Global
	GlobalSection(SolutionConfigurationPlatforms) = preSolution
		Debug|x64 = Debug|x64
		Debug|x86 = Debug|x86
		Release|x64 = Release|x64
		Release|x86 = Release|x86
	EndGlobalSection
	GlobalSection(ProjectConfigurationPlatforms) = postSolution
		{54BA7FA5-D5A5-4559-89ED-865C58EDDA50}.Debug|x64.ActiveCfg = Debug|x64
		{54BA7FA5-D5A5-4559-89ED-865C58EDDA50}.Debug|x64.Build.0 = Debug|x64
		{54BA7FA5-D5A5-4559-89ED-865C58EDDA50}.Debug|x86.ActiveCfg = Debug|Win32
		{54BA7FA5-D5A5-4559-89ED-865C58EDDA50}.Debug|x86.Build.0 = Debug|Win32
		{54BA7FA5-D5A5-4559-89ED-865C58EDDA50}.Release|x64.ActiveCfg = Release|x64
		{54BA7FA5-D5A5-4559-89ED-865C58EDDA50}.Release|x64.Build.0 = Release|x64
		{54BA7FA5-D5A5-4559-89ED-865C58EDDA50}.Release|x86.ActiveCfg = Release|Win32
		{54BA7FA5-D5A5-4559-89ED-865C58EDDA50}.Release|x86.Build.0 = Release|Win32
	EndGlobalSection
	GlobalSection(SolutionProperties) = preSolution
		HideSolutionNode = FALSE
	EndGlobalSection
	GlobalSection(ExtensibilityGlobals) = postSolution
		SolutionGuid = {C59C8D9A-FC96-4EF0-A330-1807FBF1B712}
	EndGlobalSection
EndGlobal
