
Microsoft Visual Studio Solution File, Format Version 12.00
# Visual Studio Version 16
VisualStudioVersion = 16.0.29424.173
MinimumVisualStudioVersion = 10.0.40219.1
Project("{8BC9CEB8-8B4A-11D0-8D11-00A0C91BC942}") = "class69-1118", "class69-1118\class69-1118.vcxproj", "{E37514D8-0D27-4830-8BDA-731741306D2A}"
EndProject
Global
	GlobalSection(SolutionConfigurationPlatforms) = preSolution
		Debug|x64 = Debug|x64
		Debug|x86 = Debug|x86
		Release|x64 = Release|x64
		Release|x86 = Release|x86
	EndGlobalSection
	GlobalSection(ProjectConfigurationPlatforms) = postSolution
		{E37514D8-0D27-4830-8BDA-731741306D2A}.Debug|x64.ActiveCfg = Debug|x64
		{E37514D8-0D27-4830-8BDA-731741306D2A}.Debug|x64.Build.0 = Debug|x64
		{E37514D8-0D27-4830-8BDA-731741306D2A}.Debug|x86.ActiveCfg = Debug|Win32
		{E37514D8-0D27-4830-8BDA-731741306D2A}.Debug|x86.Build.0 = Debug|Win32
		{E37514D8-0D27-4830-8BDA-731741306D2A}.Release|x64.ActiveCfg = Release|x64
		{E37514D8-0D27-4830-8BDA-731741306D2A}.Release|x64.Build.0 = Release|x64
		{E37514D8-0D27-4830-8BDA-731741306D2A}.Release|x86.ActiveCfg = Release|Win32
		{E37514D8-0D27-4830-8BDA-731741306D2A}.Release|x86.Build.0 = Release|Win32
	EndGlobalSection
	GlobalSection(SolutionProperties) = preSolution
		HideSolutionNode = FALSE
	EndGlobalSection
	GlobalSection(ExtensibilityGlobals) = postSolution
		SolutionGuid = {E61BE152-F1E3-4071-AEB1-A2B31848530B}
	EndGlobalSection
EndGlobal
