
Microsoft Visual Studio Solution File, Format Version 12.00
# Visual Studio Version 16
VisualStudioVersion = 16.0.29424.173
MinimumVisualStudioVersion = 10.0.40219.1
Project("{8BC9CEB8-8B4A-11D0-8D11-00A0C91BC942}") = "LeetCode350", "LeetCode350\LeetCode350.vcxproj", "{B6C050EC-F011-4E00-9BA8-54A7B99CCF79}"
EndProject
Global
	GlobalSection(SolutionConfigurationPlatforms) = preSolution
		Debug|x64 = Debug|x64
		Debug|x86 = Debug|x86
		Release|x64 = Release|x64
		Release|x86 = Release|x86
	EndGlobalSection
	GlobalSection(ProjectConfigurationPlatforms) = postSolution
		{B6C050EC-F011-4E00-9BA8-54A7B99CCF79}.Debug|x64.ActiveCfg = Debug|x64
		{B6C050EC-F011-4E00-9BA8-54A7B99CCF79}.Debug|x64.Build.0 = Debug|x64
		{B6C050EC-F011-4E00-9BA8-54A7B99CCF79}.Debug|x86.ActiveCfg = Debug|Win32
		{B6C050EC-F011-4E00-9BA8-54A7B99CCF79}.Debug|x86.Build.0 = Debug|Win32
		{B6C050EC-F011-4E00-9BA8-54A7B99CCF79}.Release|x64.ActiveCfg = Release|x64
		{B6C050EC-F011-4E00-9BA8-54A7B99CCF79}.Release|x64.Build.0 = Release|x64
		{B6C050EC-F011-4E00-9BA8-54A7B99CCF79}.Release|x86.ActiveCfg = Release|Win32
		{B6C050EC-F011-4E00-9BA8-54A7B99CCF79}.Release|x86.Build.0 = Release|Win32
	EndGlobalSection
	GlobalSection(SolutionProperties) = preSolution
		HideSolutionNode = FALSE
	EndGlobalSection
	GlobalSection(ExtensibilityGlobals) = postSolution
		SolutionGuid = {0619DC9F-9BE1-4880-AA8D-5DB899015EDE}
	EndGlobalSection
EndGlobal
