
Microsoft Visual Studio Solution File, Format Version 12.00
# Visual Studio Version 16
VisualStudioVersion = 16.0.29424.173
MinimumVisualStudioVersion = 10.0.40219.1
Project("{8BC9CEB8-8B4A-11D0-8D11-00A0C91BC942}") = "class11-19", "class11-19\class11-19.vcxproj", "{AD2EA1CA-7575-436B-9B15-C3664B458C1E}"
EndProject
Global
	GlobalSection(SolutionConfigurationPlatforms) = preSolution
		Debug|x64 = Debug|x64
		Debug|x86 = Debug|x86
		Release|x64 = Release|x64
		Release|x86 = Release|x86
	EndGlobalSection
	GlobalSection(ProjectConfigurationPlatforms) = postSolution
		{AD2EA1CA-7575-436B-9B15-C3664B458C1E}.Debug|x64.ActiveCfg = Debug|x64
		{AD2EA1CA-7575-436B-9B15-C3664B458C1E}.Debug|x64.Build.0 = Debug|x64
		{AD2EA1CA-7575-436B-9B15-C3664B458C1E}.Debug|x86.ActiveCfg = Debug|Win32
		{AD2EA1CA-7575-436B-9B15-C3664B458C1E}.Debug|x86.Build.0 = Debug|Win32
		{AD2EA1CA-7575-436B-9B15-C3664B458C1E}.Release|x64.ActiveCfg = Release|x64
		{AD2EA1CA-7575-436B-9B15-C3664B458C1E}.Release|x64.Build.0 = Release|x64
		{AD2EA1CA-7575-436B-9B15-C3664B458C1E}.Release|x86.ActiveCfg = Release|Win32
		{AD2EA1CA-7575-436B-9B15-C3664B458C1E}.Release|x86.Build.0 = Release|Win32
	EndGlobalSection
	GlobalSection(SolutionProperties) = preSolution
		HideSolutionNode = FALSE
	EndGlobalSection
	GlobalSection(ExtensibilityGlobals) = postSolution
		SolutionGuid = {01A38AE2-CA98-4A4A-AD75-785C204B805A}
	EndGlobalSection
EndGlobal
