
Microsoft Visual Studio Solution File, Format Version 12.00
# Visual Studio Version 16
VisualStudioVersion = 16.0.29424.173
MinimumVisualStudioVersion = 10.0.40219.1
Project("{8BC9CEB8-8B4A-11D0-8D11-00A0C91BC942}") = "LC_move_zero", "LC_move_zero\LC_move_zero.vcxproj", "{B933FA63-5B1B-4EDE-A49F-690E1D5AA788}"
EndProject
Global
	GlobalSection(SolutionConfigurationPlatforms) = preSolution
		Debug|x64 = Debug|x64
		Debug|x86 = Debug|x86
		Release|x64 = Release|x64
		Release|x86 = Release|x86
	EndGlobalSection
	GlobalSection(ProjectConfigurationPlatforms) = postSolution
		{B933FA63-5B1B-4EDE-A49F-690E1D5AA788}.Debug|x64.ActiveCfg = Debug|x64
		{B933FA63-5B1B-4EDE-A49F-690E1D5AA788}.Debug|x64.Build.0 = Debug|x64
		{B933FA63-5B1B-4EDE-A49F-690E1D5AA788}.Debug|x86.ActiveCfg = Debug|Win32
		{B933FA63-5B1B-4EDE-A49F-690E1D5AA788}.Debug|x86.Build.0 = Debug|Win32
		{B933FA63-5B1B-4EDE-A49F-690E1D5AA788}.Release|x64.ActiveCfg = Release|x64
		{B933FA63-5B1B-4EDE-A49F-690E1D5AA788}.Release|x64.Build.0 = Release|x64
		{B933FA63-5B1B-4EDE-A49F-690E1D5AA788}.Release|x86.ActiveCfg = Release|Win32
		{B933FA63-5B1B-4EDE-A49F-690E1D5AA788}.Release|x86.Build.0 = Release|Win32
	EndGlobalSection
	GlobalSection(SolutionProperties) = preSolution
		HideSolutionNode = FALSE
	EndGlobalSection
	GlobalSection(ExtensibilityGlobals) = postSolution
		SolutionGuid = {DDF5559B-08AB-4C3D-8355-94B957A23A80}
	EndGlobalSection
EndGlobal
