
Microsoft Visual Studio Solution File, Format Version 12.00
# Visual Studio Version 16
VisualStudioVersion = 16.0.29424.173
MinimumVisualStudioVersion = 10.0.40219.1
Project("{8BC9CEB8-8B4A-11D0-8D11-00A0C91BC942}") = "lock", "lock\lock.vcxproj", "{3C56828C-DA04-4C57-90AC-B83AEE305F6D}"
EndProject
Global
	GlobalSection(SolutionConfigurationPlatforms) = preSolution
		Debug|x64 = Debug|x64
		Debug|x86 = Debug|x86
		Release|x64 = Release|x64
		Release|x86 = Release|x86
	EndGlobalSection
	GlobalSection(ProjectConfigurationPlatforms) = postSolution
		{3C56828C-DA04-4C57-90AC-B83AEE305F6D}.Debug|x64.ActiveCfg = Debug|x64
		{3C56828C-DA04-4C57-90AC-B83AEE305F6D}.Debug|x64.Build.0 = Debug|x64
		{3C56828C-DA04-4C57-90AC-B83AEE305F6D}.Debug|x86.ActiveCfg = Debug|Win32
		{3C56828C-DA04-4C57-90AC-B83AEE305F6D}.Debug|x86.Build.0 = Debug|Win32
		{3C56828C-DA04-4C57-90AC-B83AEE305F6D}.Release|x64.ActiveCfg = Release|x64
		{3C56828C-DA04-4C57-90AC-B83AEE305F6D}.Release|x64.Build.0 = Release|x64
		{3C56828C-DA04-4C57-90AC-B83AEE305F6D}.Release|x86.ActiveCfg = Release|Win32
		{3C56828C-DA04-4C57-90AC-B83AEE305F6D}.Release|x86.Build.0 = Release|Win32
	EndGlobalSection
	GlobalSection(SolutionProperties) = preSolution
		HideSolutionNode = FALSE
	EndGlobalSection
	GlobalSection(ExtensibilityGlobals) = postSolution
		SolutionGuid = {48FF7246-2892-4846-97BB-6CB695FDC8A0}
	EndGlobalSection
EndGlobal
