
Microsoft Visual Studio Solution File, Format Version 12.00
# Visual Studio Version 16
VisualStudioVersion = 16.0.29424.173
MinimumVisualStudioVersion = 10.0.40219.1
Project("{8BC9CEB8-8B4A-11D0-8D11-00A0C91BC942}") = "difRoad", "difRoad\difRoad.vcxproj", "{02C63EBB-E2D0-41E4-B63B-F4927FB62963}"
EndProject
Global
	GlobalSection(SolutionConfigurationPlatforms) = preSolution
		Debug|x64 = Debug|x64
		Debug|x86 = Debug|x86
		Release|x64 = Release|x64
		Release|x86 = Release|x86
	EndGlobalSection
	GlobalSection(ProjectConfigurationPlatforms) = postSolution
		{02C63EBB-E2D0-41E4-B63B-F4927FB62963}.Debug|x64.ActiveCfg = Debug|x64
		{02C63EBB-E2D0-41E4-B63B-F4927FB62963}.Debug|x64.Build.0 = Debug|x64
		{02C63EBB-E2D0-41E4-B63B-F4927FB62963}.Debug|x86.ActiveCfg = Debug|Win32
		{02C63EBB-E2D0-41E4-B63B-F4927FB62963}.Debug|x86.Build.0 = Debug|Win32
		{02C63EBB-E2D0-41E4-B63B-F4927FB62963}.Release|x64.ActiveCfg = Release|x64
		{02C63EBB-E2D0-41E4-B63B-F4927FB62963}.Release|x64.Build.0 = Release|x64
		{02C63EBB-E2D0-41E4-B63B-F4927FB62963}.Release|x86.ActiveCfg = Release|Win32
		{02C63EBB-E2D0-41E4-B63B-F4927FB62963}.Release|x86.Build.0 = Release|Win32
	EndGlobalSection
	GlobalSection(SolutionProperties) = preSolution
		HideSolutionNode = FALSE
	EndGlobalSection
	GlobalSection(ExtensibilityGlobals) = postSolution
		SolutionGuid = {9D375821-FA0D-4F49-957E-B5BF710C0C7D}
	EndGlobalSection
EndGlobal
